
Microsoft Visual Studio Solution File, Format Version 12.00
# Visual Studio Version 16
VisualStudioVersion = 16.0.31025.194
MinimumVisualStudioVersion = 10.0.40219.1
Project("{9A19103F-16F7-4668-BE54-9A1E7A4F7556}") = "DatabaseFirstDWB", "DatabaseFirstDWB\DatabaseFirstDWB.csproj", "{F6D0E146-3EF3-4536-9268-7A2771AD0852}"
EndProject
Project("{FAE04EC0-301F-11D3-BF4B-00C04F79EFBC}") = "ApiRestNorthwind", "ApiRestNorthwind\ApiRestNorthwind.csproj", "{66E86A83-B426-4F0F-8717-171155D9D124}"
EndProject
Global
	GlobalSection(SolutionConfigurationPlatforms) = preSolution
		Debug|Any CPU = Debug|Any CPU
		Release|Any CPU = Release|Any CPU
	EndGlobalSection
	GlobalSection(ProjectConfigurationPlatforms) = postSolution
		{F6D0E146-3EF3-4536-9268-7A2771AD0852}.Debug|Any CPU.ActiveCfg = Debug|Any CPU
		{F6D0E146-3EF3-4536-9268-7A2771AD0852}.Debug|Any CPU.Build.0 = Debug|Any CPU
		{F6D0E146-3EF3-4536-9268-7A2771AD0852}.Release|Any CPU.ActiveCfg = Release|Any CPU
		{F6D0E146-3EF3-4536-9268-7A2771AD0852}.Release|Any CPU.Build.0 = Release|Any CPU
		{66E86A83-B426-4F0F-8717-171155D9D124}.Debug|Any CPU.ActiveCfg = Debug|Any CPU
		{66E86A83-B426-4F0F-8717-171155D9D124}.Debug|Any CPU.Build.0 = Debug|Any CPU
		{66E86A83-B426-4F0F-8717-171155D9D124}.Release|Any CPU.ActiveCfg = Release|Any CPU
		{66E86A83-B426-4F0F-8717-171155D9D124}.Release|Any CPU.Build.0 = Release|Any CPU
	EndGlobalSection
	GlobalSection(SolutionProperties) = preSolution
		HideSolutionNode = FALSE
	EndGlobalSection
	GlobalSection(ExtensibilityGlobals) = postSolution
		SolutionGuid = {62118D3B-00AF-41CB-93DC-DFCE82E6100C}
	EndGlobalSection
EndGlobal
